// !$*UTF8*$!
{
	archiveVersion = 1;
	classes = {
	};
	objectVersion = 50;
	objects = {

/* Begin PBXBuildFile section */
		474509E52449F64C00C18DF7 /* AppDelegate.swift in Sources */ = {isa = PBXBuildFile; fileRef = 474509E42449F64C00C18DF7 /* AppDelegate.swift */; };
		474509E72449F64C00C18DF7 /* SceneDelegate.swift in Sources */ = {isa = PBXBuildFile; fileRef = 474509E62449F64C00C18DF7 /* SceneDelegate.swift */; };
		474509E92449F64C00C18DF7 /* ContentView.swift in Sources */ = {isa = PBXBuildFile; fileRef = 474509E82449F64C00C18DF7 /* ContentView.swift */; };
		474509EB2449F64D00C18DF7 /* Assets.xcassets in Resources */ = {isa = PBXBuildFile; fileRef = 474509EA2449F64D00C18DF7 /* Assets.xcassets */; };
		474509EE2449F64D00C18DF7 /* Preview Assets.xcassets in Resources */ = {isa = PBXBuildFile; fileRef = 474509ED2449F64D00C18DF7 /* Preview Assets.xcassets */; };
		474509F12449F64D00C18DF7 /* LaunchScreen.storyboard in Resources */ = {isa = PBXBuildFile; fileRef = 474509EF2449F64D00C18DF7 /* LaunchScreen.storyboard */; };
		474509F92449F8A000C18DF7 /* cities.json in Resources */ = {isa = PBXBuildFile; fileRef = 474509F82449F8A000C18DF7 /* cities.json */; };
		474509FB2449FCD800C18DF7 /* City.swift in Sources */ = {isa = PBXBuildFile; fileRef = 474509FA2449FCD800C18DF7 /* City.swift */; };
/* End PBXBuildFile section */

/* Begin PBXFileReference section */
		474509E12449F64C00C18DF7 /* BackbaseAssignment.app */ = {isa = PBXFileReference; explicitFileType = wrapper.application; includeInIndex = 0; path = BackbaseAssignment.app; sourceTree = BUILT_PRODUCTS_DIR; };
		474509E42449F64C00C18DF7 /* AppDelegate.swift */ = {isa = PBXFileReference; lastKnownFileType = sourcecode.swift; path = AppDelegate.swift; sourceTree = "<group>"; };
		474509E62449F64C00C18DF7 /* SceneDelegate.swift */ = {isa = PBXFileReference; lastKnownFileType = sourcecode.swift; path = SceneDelegate.swift; sourceTree = "<group>"; };
		474509E82449F64C00C18DF7 /* ContentView.swift */ = {isa = PBXFileReference; lastKnownFileType = sourcecode.swift; path = ContentView.swift; sourceTree = "<group>"; };
		474509EA2449F64D00C18DF7 /* Assets.xcassets */ = {isa = PBXFileReference; lastKnownFileType = folder.assetcatalog; path = Assets.xcassets; sourceTree = "<group>"; };
		474509ED2449F64D00C18DF7 /* Preview Assets.xcassets */ = {isa = PBXFileReference; lastKnownFileType = folder.assetcatalog; path = "Preview Assets.xcassets"; sourceTree = "<group>"; };
		474509F02449F64D00C18DF7 /* Base */ = {isa = PBXFileReference; lastKnownFileType = file.storyboard; name = Base; path = Base.lproj/LaunchScreen.storyboard; sourceTree = "<group>"; };
		474509F22449F64D00C18DF7 /* Info.plist */ = {isa = PBXFileReference; lastKnownFileType = text.plist.xml; path = Info.plist; sourceTree = "<group>"; };
		474509F82449F8A000C18DF7 /* cities.json */ = {isa = PBXFileReference; fileEncoding = 4; lastKnownFileType = text.json; path = cities.json; sourceTree = "<group>"; };
		474509FA2449FCD800C18DF7 /* City.swift */ = {isa = PBXFileReference; lastKnownFileType = sourcecode.swift; path = City.swift; sourceTree = "<group>"; };
/* End PBXFileReference section */

/* Begin PBXFrameworksBuildPhase section */
		474509DE2449F64C00C18DF7 /* Frameworks */ = {
			isa = PBXFrameworksBuildPhase;
			buildActionMask = 2147483647;
			files = (
			);
			runOnlyForDeploymentPostprocessing = 0;
		};
/* End PBXFrameworksBuildPhase section */

/* Begin PBXGroup section */
		474509D82449F64C00C18DF7 = {
			isa = PBXGroup;
			children = (
				474509E32449F64C00C18DF7 /* BackbaseAssignment */,
				474509E22449F64C00C18DF7 /* Products */,
				474509F82449F8A000C18DF7 /* cities.json */,
			);
			sourceTree = "<group>";
		};
		474509E22449F64C00C18DF7 /* Products */ = {
			isa = PBXGroup;
			children = (
				474509E12449F64C00C18DF7 /* BackbaseAssignment.app */,
			);
			name = Products;
			sourceTree = "<group>";
		};
		474509E32449F64C00C18DF7 /* BackbaseAssignment */ = {
			isa = PBXGroup;
			children = (
				474509E42449F64C00C18DF7 /* AppDelegate.swift */,
				474509E62449F64C00C18DF7 /* SceneDelegate.swift */,
				474509E82449F64C00C18DF7 /* ContentView.swift */,
				474509FA2449FCD800C18DF7 /* City.swift */,
				474509EA2449F64D00C18DF7 /* Assets.xcassets */,
				474509EF2449F64D00C18DF7 /* LaunchScreen.storyboard */,
				474509F22449F64D00C18DF7 /* Info.plist */,
				474509EC2449F64D00C18DF7 /* Preview Content */,
			);
			path = BackbaseAssignment;
			sourceTree = "<group>";
		};
		474509EC2449F64D00C18DF7 /* Preview Content */ = {
			isa = PBXGroup;
			children = (
				474509ED2449F64D00C18DF7 /* Preview Assets.xcassets */,
			);
			path = "Preview Content";
			sourceTree = "<group>";
		};
/* End PBXGroup section */

/* Begin PBXNativeTarget section */
		474509E02449F64C00C18DF7 /* BackbaseAssignment */ = {
			isa = PBXNativeTarget;
			buildConfigurationList = 474509F52449F64D00C18DF7 /* Build configuration list for PBXNativeTarget "BackbaseAssignment" */;
			buildPhases = (
				474509DD2449F64C00C18DF7 /* Sources */,
				474509DE2449F64C00C18DF7 /* Frameworks */,
				474509DF2449F64C00C18DF7 /* Resources */,
			);
			buildRules = (
			);
			dependencies = (
			);
			name = BackbaseAssignment;
			productName = BackbaseAssignment;
			productReference = 474509E12449F64C00C18DF7 /* BackbaseAssignment.app */;
			productType = "com.apple.product-type.application";
		};
/* End PBXNativeTarget section */

/* Begin PBXProject section */
		474509D92449F64C00C18DF7 /* Project object */ = {
			isa = PBXProject;
			attributes = {
				LastSwiftUpdateCheck = 1120;
				LastUpgradeCheck = 1120;
				ORGANIZATIONNAME = "Andrei Nevar";
				TargetAttributes = {
					474509E02449F64C00C18DF7 = {
						CreatedOnToolsVersion = 11.2.1;
					};
				};
			};
			buildConfigurationList = 474509DC2449F64C00C18DF7 /* Build configuration list for PBXProject "BackbaseAssignment" */;
			compatibilityVersion = "Xcode 9.3";
			developmentRegion = en;
			hasScannedForEncodings = 0;
			knownRegions = (
				en,
				Base,
			);
			mainGroup = 474509D82449F64C00C18DF7;
			productRefGroup = 474509E22449F64C00C18DF7 /* Products */;
			projectDirPath = "";
			projectRoot = "";
			targets = (
				474509E02449F64C00C18DF7 /* BackbaseAssignment */,
			);
		};
/* End PBXProject section */

/* Begin PBXResourcesBuildPhase section */
		474509DF2449F64C00C18DF7 /* Resources */ = {
			isa = PBXResourcesBuildPhase;
			buildActionMask = 2147483647;
			files = (
				474509F92449F8A000C18DF7 /* cities.json in Resources */,
				474509F12449F64D00C18DF7 /* LaunchScreen.storyboard in Resources */,
				474509EE2449F64D00C18DF7 /* Preview Assets.xcassets in Resources */,
				474509EB2449F64D00C18DF7 /* Assets.xcassets in Resources */,
			);
			runOnlyForDeploymentPostprocessing = 0;
		};
/* End PBXResourcesBuildPhase section */

/* Begin PBXSourcesBuildPhase section */
		474509DD2449F64C00C18DF7 /* Sources */ = {
			isa = PBXSourcesBuildPhase;
			buildActionMask = 2147483647;
			files = (
				474509E52449F64C00C18DF7 /* AppDelegate.swift in Sources */,
				474509E72449F64C00C18DF7 /* SceneDelegate.swift in Sources */,
				474509FB2449FCD800C18DF7 /* City.swift in Sources */,
				474509E92449F64C00C18DF7 /* ContentView.swift in Sources */,
			);
			runOnlyForDeploymentPostprocessing = 0;
		};
/* End PBXSourcesBuildPhase section */

/* Begin PBXVariantGroup section */
		474509EF2449F64D00C18DF7 /* LaunchScreen.storyboard */ = {
			isa = PBXVariantGroup;
			children = (
				474509F02449F64D00C18DF7 /* Base */,
			);
			name = LaunchScreen.storyboard;
			sourceTree = "<group>";
		};
/* End PBXVariantGroup section */

/* Begin XCBuildConfiguration section */
		474509F32449F64D00C18DF7 /* Debug */ = {
			isa = XCBuildConfiguration;
			buildSettings = {
				ALWAYS_SEARCH_USER_PATHS = NO;
				CLANG_ANALYZER_NONNULL = YES;
				CLANG_ANALYZER_NUMBER_OBJECT_CONVERSION = YES_AGGRESSIVE;
				CLANG_CXX_LANGUAGE_STANDARD = "gnu++14";
				CLANG_CXX_LIBRARY = "libc++";
				CLANG_ENABLE_MODULES = YES;
				CLANG_ENABLE_OBJC_ARC = YES;
				CLANG_ENABLE_OBJC_WEAK = YES;
				CLANG_WARN_BLOCK_CAPTURE_AUTORELEASING = YES;
				CLANG_WARN_BOOL_CONVERSION = YES;
				CLANG_WARN_COMMA = YES;
				CLANG_WARN_CONSTANT_CONVERSION = YES;
				CLANG_WARN_DEPRECATED_OBJC_IMPLEMENTATIONS = YES;
				CLANG_WARN_DIRECT_OBJC_ISA_USAGE = YES_ERROR;
				CLANG_WARN_DOCUMENTATION_COMMENTS = YES;
				CLANG_WARN_EMPTY_BODY = YES;
				CLANG_WARN_ENUM_CONVERSION = YES;
				CLANG_WARN_INFINITE_RECURSION = YES;
				CLANG_WARN_INT_CONVERSION = YES;
				CLANG_WARN_NON_LITERAL_NULL_CONVERSION = YES;
				CLANG_WARN_OBJC_IMPLICIT_RETAIN_SELF = YES;
				CLANG_WARN_OBJC_LITERAL_CONVERSION = YES;
				CLANG_WARN_OBJC_ROOT_CLASS = YES_ERROR;
				CLANG_WARN_RANGE_LOOP_ANALYSIS = YES;
				CLANG_WARN_STRICT_PROTOTYPES = YES;
				CLANG_WARN_SUSPICIOUS_MOVE = YES;
				CLANG_WARN_UNGUARDED_AVAILABILITY = YES_AGGRESSIVE;
				CLANG_WARN_UNREACHABLE_CODE = YES;
				CLANG_WARN__DUPLICATE_METHOD_MATCH = YES;
				COPY_PHASE_STRIP = NO;
				DEBUG_INFORMATION_FORMAT = dwarf;
				ENABLE_STRICT_OBJC_MSGSEND = YES;
				ENABLE_TESTABILITY = YES;
				GCC_C_LANGUAGE_STANDARD = gnu11;
				GCC_DYNAMIC_NO_PIC = NO;
				GCC_NO_COMMON_BLOCKS = YES;
				GCC_OPTIMIZATION_LEVEL = 0;
				GCC_PREPROCESSOR_DEFINITIONS = (
					"DEBUG=1",
					"$(inherited)",
				);
				GCC_WARN_64_TO_32_BIT_CONVERSION = YES;
				GCC_WARN_ABOUT_RETURN_TYPE = YES_ERROR;
				GCC_WARN_UNDECLARED_SELECTOR = YES;
				GCC_WARN_UNINITIALIZED_AUTOS = YES_AGGRESSIVE;
				GCC_WARN_UNUSED_FUNCTION = YES;
				GCC_WARN_UNUSED_VARIABLE = YES;
				IPHONEOS_DEPLOYMENT_TARGET = 13.2;
				MTL_ENABLE_DEBUG_INFO = INCLUDE_SOURCE;
				MTL_FAST_MATH = YES;
				ONLY_ACTIVE_ARCH = YES;
				SDKROOT = iphoneos;
				SWIFT_ACTIVE_COMPILATION_CONDITIONS = DEBUG;
				SWIFT_OPTIMIZATION_LEVEL = "-Onone";
			};
			name = Debug;
		};
		474509F42449F64D00C18DF7 /* Release */ = {
			isa = XCBuildConfiguration;
			buildSettings = {
				ALWAYS_SEARCH_USER_PATHS = NO;
				CLANG_ANALYZER_NONNULL = YES;
				CLANG_ANALYZER_NUMBER_OBJECT_CONVERSION = YES_AGGRESSIVE;
				CLANG_CXX_LANGUAGE_STANDARD = "gnu++14";
				CLANG_CXX_LIBRARY = "libc++";
				CLANG_ENABLE_MODULES = YES;
				CLANG_ENABLE_OBJC_ARC = YES;
				CLANG_ENABLE_OBJC_WEAK = YES;
				CLANG_WARN_BLOCK_CAPTURE_AUTORELEASING = YES;
				CLANG_WARN_BOOL_CONVERSION = YES;
				CLANG_WARN_COMMA = YES;
				CLANG_WARN_CONSTANT_CONVERSION = YES;
				CLANG_WARN_DEPRECATED_OBJC_IMPLEMENTATIONS = YES;
				CLANG_WARN_DIRECT_OBJC_ISA_USAGE = YES_ERROR;
				CLANG_WARN_DOCUMENTATION_COMMENTS = YES;
				CLANG_WARN_EMPTY_BODY = YES;
				CLANG_WARN_ENUM_CONVERSION = YES;
				CLANG_WARN_INFINITE_RECURSION = YES;
				CLANG_WARN_INT_CONVERSION = YES;
				CLANG_WARN_NON_LITERAL_NULL_CONVERSION = YES;
				CLANG_WARN_OBJC_IMPLICIT_RETAIN_SELF = YES;
				CLANG_WARN_OBJC_LITERAL_CONVERSION = YES;
				CLANG_WARN_OBJC_ROOT_CLASS = YES_ERROR;
				CLANG_WARN_RANGE_LOOP_ANALYSIS = YES;
				CLANG_WARN_STRICT_PROTOTYPES = YES;
				CLANG_WARN_SUSPICIOUS_MOVE = YES;
				CLANG_WARN_UNGUARDED_AVAILABILITY = YES_AGGRESSIVE;
				CLANG_WARN_UNREACHABLE_CODE = YES;
				CLANG_WARN__DUPLICATE_METHOD_MATCH = YES;
				COPY_PHASE_STRIP = NO;
				DEBUG_INFORMATION_FORMAT = "dwarf-with-dsym";
				ENABLE_NS_ASSERTIONS = NO;
				ENABLE_STRICT_OBJC_MSGSEND = YES;
				GCC_C_LANGUAGE_STANDARD = gnu11;
				GCC_NO_COMMON_BLOCKS = YES;
				GCC_WARN_64_TO_32_BIT_CONVERSION = YES;
				GCC_WARN_ABOUT_RETURN_TYPE = YES_ERROR;
				GCC_WARN_UNDECLARED_SELECTOR = YES;
				GCC_WARN_UNINITIALIZED_AUTOS = YES_AGGRESSIVE;
				GCC_WARN_UNUSED_FUNCTION = YES;
				GCC_WARN_UNUSED_VARIABLE = YES;
				IPHONEOS_DEPLOYMENT_TARGET = 13.2;
				MTL_ENABLE_DEBUG_INFO = NO;
				MTL_FAST_MATH = YES;
				SDKROOT = iphoneos;
				SWIFT_COMPILATION_MODE = wholemodule;
				SWIFT_OPTIMIZATION_LEVEL = "-O";
				VALIDATE_PRODUCT = YES;
			};
			name = Release;
		};
		474509F62449F64D00C18DF7 /* Debug */ = {
			isa = XCBuildConfiguration;
			buildSettings = {
				ASSETCATALOG_COMPILER_APPICON_NAME = AppIcon;
				CODE_SIGN_STYLE = Automatic;
				DEVELOPMENT_ASSET_PATHS = "\"BackbaseAssignment/Preview Content\"";
				DEVELOPMENT_TEAM = 5S6PQV77W7;
				ENABLE_PREVIEWS = YES;
				INFOPLIST_FILE = BackbaseAssignment/Info.plist;
				LD_RUNPATH_SEARCH_PATHS = (
					"$(inherited)",
					"@executable_path/Frameworks",
				);
				PRODUCT_BUNDLE_IDENTIFIER = me.nevar.andrei.BackbaseAssignment;
				PRODUCT_NAME = "$(TARGET_NAME)";
				SWIFT_VERSION = 5.0;
				TARGETED_DEVICE_FAMILY = "1,2";
			};
			name = Debug;
		};
		474509F72449F64D00C18DF7 /* Release */ = {
			isa = XCBuildConfiguration;
			buildSettings = {
				ASSETCATALOG_COMPILER_APPICON_NAME = AppIcon;
				CODE_SIGN_STYLE = Automatic;
				DEVELOPMENT_ASSET_PATHS = "\"BackbaseAssignment/Preview Content\"";
				DEVELOPMENT_TEAM = 5S6PQV77W7;
				ENABLE_PREVIEWS = YES;
				INFOPLIST_FILE = BackbaseAssignment/Info.plist;
				LD_RUNPATH_SEARCH_PATHS = (
					"$(inherited)",
					"@executable_path/Frameworks",
				);
				PRODUCT_BUNDLE_IDENTIFIER = me.nevar.andrei.BackbaseAssignment;
				PRODUCT_NAME = "$(TARGET_NAME)";
				SWIFT_VERSION = 5.0;
				TARGETED_DEVICE_FAMILY = "1,2";
			};
			name = Release;
		};
/* End XCBuildConfiguration section */

/* Begin XCConfigurationList section */
		474509DC2449F64C00C18DF7 /* Build configuration list for PBXProject "BackbaseAssignment" */ = {
			isa = XCConfigurationList;
			buildConfigurations = (
				474509F32449F64D00C18DF7 /* Debug */,
				474509F42449F64D00C18DF7 /* Release */,
			);
			defaultConfigurationIsVisible = 0;
			defaultConfigurationName = Release;
		};
		474509F52449F64D00C18DF7 /* Build configuration list for PBXNativeTarget "BackbaseAssignment" */ = {
			isa = XCConfigurationList;
			buildConfigurations = (
				474509F62449F64D00C18DF7 /* Debug */,
				474509F72449F64D00C18DF7 /* Release */,
			);
			defaultConfigurationIsVisible = 0;
			defaultConfigurationName = Release;
		};
/* End XCConfigurationList section */
	};
	rootObject = 474509D92449F64C00C18DF7 /* Project object */;
}
